{
  "name": "movies",
  "version": "1.0.0",
  "lockfileVersion": 2,
  "requires": true,
  "packages": {
    "": {
      "name": "movies",
      "version": "1.0.0",
      "license": "ISC",
      "dependencies": {
        "devenv": "^1.0.1"
      }
    },
    "node_modules/devenv": {
      "version": "1.0.1",
      "resolved": "https://registry.npmjs.org/devenv/-/devenv-1.0.1.tgz",
      "integrity": "sha512-rVZiM5jIhjMrnquPZz5TYPRd/GY2bm42Q9zXvfu1pP2HE7chcke5Qt9d1LvfH+TcMXJRa18JoiN2TOTfQeTL9A=="
    }
  },
  "dependencies": {
    "devenv": {
      "version": "1.0.1",
      "resolved": "https://registry.npmjs.org/devenv/-/devenv-1.0.1.tgz",
      "integrity": "sha512-rVZiM5jIhjMrnquPZz5TYPRd/GY2bm42Q9zXvfu1pP2HE7chcke5Qt9d1LvfH+TcMXJRa18JoiN2TOTfQeTL9A=="
    }
  }
}
